// !$*UTF8*$!
{
	archiveVersion = 1;
	classes = {
	};
	objectVersion = 46;
	objects = {

/* Begin PBXBuildFile section */
		580875201EEBE4CA008FFDBE /* AppDelegate.swift in Sources */ = {isa = PBXBuildFile; fileRef = 5808751F1EEBE4CA008FFDBE /* AppDelegate.swift */; };
		580875221EEBE4CA008FFDBE /* ViewController.swift in Sources */ = {isa = PBXBuildFile; fileRef = 580875211EEBE4CA008FFDBE /* ViewController.swift */; };
		580875251EEBE4CA008FFDBE /* Main.storyboard in Resources */ = {isa = PBXBuildFile; fileRef = 580875231EEBE4CA008FFDBE /* Main.storyboard */; };
		580875281EEBE4CA008FFDBE /* Bakirapp.xcdatamodeld in Sources */ = {isa = PBXBuildFile; fileRef = 580875261EEBE4CA008FFDBE /* Bakirapp.xcdatamodeld */; };
		5808752A1EEBE4CA008FFDBE /* Assets.xcassets in Resources */ = {isa = PBXBuildFile; fileRef = 580875291EEBE4CA008FFDBE /* Assets.xcassets */; };
		5808752D1EEBE4CA008FFDBE /* LaunchScreen.storyboard in Resources */ = {isa = PBXBuildFile; fileRef = 5808752B1EEBE4CA008FFDBE /* LaunchScreen.storyboard */; };
		580875351EEBE89D008FFDBE /* LoginViewController.swift in Sources */ = {isa = PBXBuildFile; fileRef = 580875341EEBE89D008FFDBE /* LoginViewController.swift */; };
		58FCEF541EEBFD8C00EF676D /* Feeds.swift in Sources */ = {isa = PBXBuildFile; fileRef = 58FCEF531EEBFD8C00EF676D /* Feeds.swift */; };
		58FCEF561EEC107900EF676D /* StringConstants.swift in Sources */ = {isa = PBXBuildFile; fileRef = 58FCEF551EEC107900EF676D /* StringConstants.swift */; };
		C909C52903A0425555EC849A /* Pods_Bakirapp.framework in Frameworks */ = {isa = PBXBuildFile; fileRef = 9CC341157EE04C2A37A44743 /* Pods_Bakirapp.framework */; };
/* End PBXBuildFile section */

/* Begin PBXFileReference section */
		26F7F49255DDE80AAF69550F /* Pods-Bakirapp.debug.xcconfig */ = {isa = PBXFileReference; includeInIndex = 1; lastKnownFileType = text.xcconfig; name = "Pods-Bakirapp.debug.xcconfig"; path = "Pods/Target Support Files/Pods-Bakirapp/Pods-Bakirapp.debug.xcconfig"; sourceTree = "<group>"; };
		5808751C1EEBE4CA008FFDBE /* Bakirapp.app */ = {isa = PBXFileReference; explicitFileType = wrapper.application; includeInIndex = 0; path = Bakirapp.app; sourceTree = BUILT_PRODUCTS_DIR; };
		5808751F1EEBE4CA008FFDBE /* AppDelegate.swift */ = {isa = PBXFileReference; lastKnownFileType = sourcecode.swift; path = AppDelegate.swift; sourceTree = "<group>"; };
		580875211EEBE4CA008FFDBE /* ViewController.swift */ = {isa = PBXFileReference; lastKnownFileType = sourcecode.swift; path = ViewController.swift; sourceTree = "<group>"; };
		580875241EEBE4CA008FFDBE /* Base */ = {isa = PBXFileReference; lastKnownFileType = file.storyboard; name = Base; path = Base.lproj/Main.storyboard; sourceTree = "<group>"; };
		580875271EEBE4CA008FFDBE /* Bakirapp.xcdatamodel */ = {isa = PBXFileReference; lastKnownFileType = wrapper.xcdatamodel; path = Bakirapp.xcdatamodel; sourceTree = "<group>"; };
		580875291EEBE4CA008FFDBE /* Assets.xcassets */ = {isa = PBXFileReference; lastKnownFileType = folder.assetcatalog; path = Assets.xcassets; sourceTree = "<group>"; };
		5808752C1EEBE4CA008FFDBE /* Base */ = {isa = PBXFileReference; lastKnownFileType = file.storyboard; name = Base; path = Base.lproj/LaunchScreen.storyboard; sourceTree = "<group>"; };
		5808752E1EEBE4CA008FFDBE /* Info.plist */ = {isa = PBXFileReference; lastKnownFileType = text.plist.xml; path = Info.plist; sourceTree = "<group>"; };
		580875341EEBE89D008FFDBE /* LoginViewController.swift */ = {isa = PBXFileReference; fileEncoding = 4; lastKnownFileType = sourcecode.swift; path = LoginViewController.swift; sourceTree = "<group>"; };
		58FCEF531EEBFD8C00EF676D /* Feeds.swift */ = {isa = PBXFileReference; fileEncoding = 4; lastKnownFileType = sourcecode.swift; path = Feeds.swift; sourceTree = "<group>"; };
		58FCEF551EEC107900EF676D /* StringConstants.swift */ = {isa = PBXFileReference; fileEncoding = 4; lastKnownFileType = sourcecode.swift; path = StringConstants.swift; sourceTree = "<group>"; };
		9CC341157EE04C2A37A44743 /* Pods_Bakirapp.framework */ = {isa = PBXFileReference; explicitFileType = wrapper.framework; includeInIndex = 0; path = Pods_Bakirapp.framework; sourceTree = BUILT_PRODUCTS_DIR; };
		AA52689EAEDA9F2B0C27BAD5 /* Pods-Bakirapp.release.xcconfig */ = {isa = PBXFileReference; includeInIndex = 1; lastKnownFileType = text.xcconfig; name = "Pods-Bakirapp.release.xcconfig"; path = "Pods/Target Support Files/Pods-Bakirapp/Pods-Bakirapp.release.xcconfig"; sourceTree = "<group>"; };
/* End PBXFileReference section */

/* Begin PBXFrameworksBuildPhase section */
		580875191EEBE4CA008FFDBE /* Frameworks */ = {
			isa = PBXFrameworksBuildPhase;
			buildActionMask = 2147483647;
			files = (
				C909C52903A0425555EC849A /* Pods_Bakirapp.framework in Frameworks */,
			);
			runOnlyForDeploymentPostprocessing = 0;
		};
/* End PBXFrameworksBuildPhase section */

/* Begin PBXGroup section */
		24DEA556C0858A29FCE35F77 /* Frameworks */ = {
			isa = PBXGroup;
			children = (
				9CC341157EE04C2A37A44743 /* Pods_Bakirapp.framework */,
			);
			name = Frameworks;
			sourceTree = "<group>";
		};
		580875131EEBE4CA008FFDBE = {
			isa = PBXGroup;
			children = (
				5808751E1EEBE4CA008FFDBE /* Bakirapp */,
				5808751D1EEBE4CA008FFDBE /* Products */,
				5A8B85B23B7F0B02496046A0 /* Pods */,
				24DEA556C0858A29FCE35F77 /* Frameworks */,
			);
			sourceTree = "<group>";
		};
		5808751D1EEBE4CA008FFDBE /* Products */ = {
			isa = PBXGroup;
			children = (
				5808751C1EEBE4CA008FFDBE /* Bakirapp.app */,
			);
			name = Products;
			sourceTree = "<group>";
		};
		5808751E1EEBE4CA008FFDBE /* Bakirapp */ = {
			isa = PBXGroup;
			children = (
				58FCEF571EEC107D00EF676D /* Constants */,
				5808751F1EEBE4CA008FFDBE /* AppDelegate.swift */,
				580875211EEBE4CA008FFDBE /* ViewController.swift */,
				580875341EEBE89D008FFDBE /* LoginViewController.swift */,
				580875231EEBE4CA008FFDBE /* Main.storyboard */,
				580875291EEBE4CA008FFDBE /* Assets.xcassets */,
				5808752B1EEBE4CA008FFDBE /* LaunchScreen.storyboard */,
				5808752E1EEBE4CA008FFDBE /* Info.plist */,
				580875261EEBE4CA008FFDBE /* Bakirapp.xcdatamodeld */,
			);
			path = Bakirapp;
			sourceTree = "<group>";
		};
		58FCEF571EEC107D00EF676D /* Constants */ = {
			isa = PBXGroup;
			children = (
				58FCEF531EEBFD8C00EF676D /* Feeds.swift */,
				58FCEF551EEC107900EF676D /* StringConstants.swift */,
			);
			name = Constants;
			sourceTree = "<group>";
		};
		5A8B85B23B7F0B02496046A0 /* Pods */ = {
			isa = PBXGroup;
			children = (
				26F7F49255DDE80AAF69550F /* Pods-Bakirapp.debug.xcconfig */,
				AA52689EAEDA9F2B0C27BAD5 /* Pods-Bakirapp.release.xcconfig */,
			);
			name = Pods;
			sourceTree = "<group>";
		};
/* End PBXGroup section */

/* Begin PBXNativeTarget section */
		5808751B1EEBE4CA008FFDBE /* Bakirapp */ = {
			isa = PBXNativeTarget;
			buildConfigurationList = 580875311EEBE4CA008FFDBE /* Build configuration list for PBXNativeTarget "Bakirapp" */;
			buildPhases = (
				D615681860DB1FBB0C73590F /* [CP] Check Pods Manifest.lock */,
				580875181EEBE4CA008FFDBE /* Sources */,
				580875191EEBE4CA008FFDBE /* Frameworks */,
				5808751A1EEBE4CA008FFDBE /* Resources */,
				0E76876B0944FBBA017E4F11 /* [CP] Embed Pods Frameworks */,
				B3FE5CEB0A61009D63AE3894 /* [CP] Copy Pods Resources */,
			);
			buildRules = (
			);
			dependencies = (
			);
			name = Bakirapp;
			productName = Bakirapp;
			productReference = 5808751C1EEBE4CA008FFDBE /* Bakirapp.app */;
			productType = "com.apple.product-type.application";
		};
/* End PBXNativeTarget section */

/* Begin PBXProject section */
		580875141EEBE4CA008FFDBE /* Project object */ = {
			isa = PBXProject;
			attributes = {
				LastSwiftUpdateCheck = 0810;
				LastUpgradeCheck = 0810;
				ORGANIZATIONNAME = Cocoonians;
				TargetAttributes = {
					5808751B1EEBE4CA008FFDBE = {
						CreatedOnToolsVersion = 8.1;
						DevelopmentTeam = SKXQ5B9EV4;
						ProvisioningStyle = Automatic;
					};
				};
			};
			buildConfigurationList = 580875171EEBE4CA008FFDBE /* Build configuration list for PBXProject "Bakirapp" */;
			compatibilityVersion = "Xcode 3.2";
			developmentRegion = English;
			hasScannedForEncodings = 0;
			knownRegions = (
				en,
				Base,
			);
			mainGroup = 580875131EEBE4CA008FFDBE;
			productRefGroup = 5808751D1EEBE4CA008FFDBE /* Products */;
			projectDirPath = "";
			projectRoot = "";
			targets = (
				5808751B1EEBE4CA008FFDBE /* Bakirapp */,
			);
		};
/* End PBXProject section */

/* Begin PBXResourcesBuildPhase section */
		5808751A1EEBE4CA008FFDBE /* Resources */ = {
			isa = PBXResourcesBuildPhase;
			buildActionMask = 2147483647;
			files = (
				5808752D1EEBE4CA008FFDBE /* LaunchScreen.storyboard in Resources */,
				5808752A1EEBE4CA008FFDBE /* Assets.xcassets in Resources */,
				580875251EEBE4CA008FFDBE /* Main.storyboard in Resources */,
			);
			runOnlyForDeploymentPostprocessing = 0;
		};
/* End PBXResourcesBuildPhase section */

/* Begin PBXShellScriptBuildPhase section */
		0E76876B0944FBBA017E4F11 /* [CP] Embed Pods Frameworks */ = {
			isa = PBXShellScriptBuildPhase;
			buildActionMask = 2147483647;
			files = (
			);
			inputPaths = (
			);
			name = "[CP] Embed Pods Frameworks";
			outputPaths = (
			);
			runOnlyForDeploymentPostprocessing = 0;
			shellPath = /bin/sh;
			shellScript = "\"${SRCROOT}/Pods/Target Support Files/Pods-Bakirapp/Pods-Bakirapp-frameworks.sh\"\n";
			showEnvVarsInLog = 0;
		};
		B3FE5CEB0A61009D63AE3894 /* [CP] Copy Pods Resources */ = {
			isa = PBXShellScriptBuildPhase;
			buildActionMask = 2147483647;
			files = (
			);
			inputPaths = (
			);
			name = "[CP] Copy Pods Resources";
			outputPaths = (
			);
			runOnlyForDeploymentPostprocessing = 0;
			shellPath = /bin/sh;
			shellScript = "\"${SRCROOT}/Pods/Target Support Files/Pods-Bakirapp/Pods-Bakirapp-resources.sh\"\n";
			showEnvVarsInLog = 0;
		};
		D615681860DB1FBB0C73590F /* [CP] Check Pods Manifest.lock */ = {
			isa = PBXShellScriptBuildPhase;
			buildActionMask = 2147483647;
			files = (
			);
			inputPaths = (
			);
			name = "[CP] Check Pods Manifest.lock";
			outputPaths = (
			);
			runOnlyForDeploymentPostprocessing = 0;
			shellPath = /bin/sh;
			shellScript = "diff \"${PODS_ROOT}/../Podfile.lock\" \"${PODS_ROOT}/Manifest.lock\" > /dev/null\nif [ $? != 0 ] ; then\n    # print error to STDERR\n    echo \"error: The sandbox is not in sync with the Podfile.lock. Run 'pod install' or update your CocoaPods installation.\" >&2\n    exit 1\nfi\n";
			showEnvVarsInLog = 0;
		};
/* End PBXShellScriptBuildPhase section */

/* Begin PBXSourcesBuildPhase section */
		580875181EEBE4CA008FFDBE /* Sources */ = {
			isa = PBXSourcesBuildPhase;
			buildActionMask = 2147483647;
			files = (
				580875351EEBE89D008FFDBE /* LoginViewController.swift in Sources */,
				580875281EEBE4CA008FFDBE /* Bakirapp.xcdatamodeld in Sources */,
				58FCEF561EEC107900EF676D /* StringConstants.swift in Sources */,
				58FCEF541EEBFD8C00EF676D /* Feeds.swift in Sources */,
				580875221EEBE4CA008FFDBE /* ViewController.swift in Sources */,
				580875201EEBE4CA008FFDBE /* AppDelegate.swift in Sources */,
			);
			runOnlyForDeploymentPostprocessing = 0;
		};
/* End PBXSourcesBuildPhase section */

/* Begin PBXVariantGroup section */
		580875231EEBE4CA008FFDBE /* Main.storyboard */ = {
			isa = PBXVariantGroup;
			children = (
				580875241EEBE4CA008FFDBE /* Base */,
			);
			name = Main.storyboard;
			sourceTree = "<group>";
		};
		5808752B1EEBE4CA008FFDBE /* LaunchScreen.storyboard */ = {
			isa = PBXVariantGroup;
			children = (
				5808752C1EEBE4CA008FFDBE /* Base */,
			);
			name = LaunchScreen.storyboard;
			sourceTree = "<group>";
		};
/* End PBXVariantGroup section */

/* Begin XCBuildConfiguration section */
		5808752F1EEBE4CA008FFDBE /* Debug */ = {
			isa = XCBuildConfiguration;
			buildSettings = {
				ALWAYS_SEARCH_USER_PATHS = NO;
				CLANG_ANALYZER_NONNULL = YES;
				CLANG_CXX_LANGUAGE_STANDARD = "gnu++0x";
				CLANG_CXX_LIBRARY = "libc++";
				CLANG_ENABLE_MODULES = YES;
				CLANG_ENABLE_OBJC_ARC = YES;
				CLANG_WARN_BOOL_CONVERSION = YES;
				CLANG_WARN_CONSTANT_CONVERSION = YES;
				CLANG_WARN_DIRECT_OBJC_ISA_USAGE = YES_ERROR;
				CLANG_WARN_DOCUMENTATION_COMMENTS = YES;
				CLANG_WARN_EMPTY_BODY = YES;
				CLANG_WARN_ENUM_CONVERSION = YES;
				CLANG_WARN_INFINITE_RECURSION = YES;
				CLANG_WARN_INT_CONVERSION = YES;
				CLANG_WARN_OBJC_ROOT_CLASS = YES_ERROR;
				CLANG_WARN_SUSPICIOUS_MOVES = YES;
				CLANG_WARN_UNREACHABLE_CODE = YES;
				CLANG_WARN__DUPLICATE_METHOD_MATCH = YES;
				"CODE_SIGN_IDENTITY[sdk=iphoneos*]" = "iPhone Developer";
				COPY_PHASE_STRIP = NO;
				DEBUG_INFORMATION_FORMAT = dwarf;
				ENABLE_STRICT_OBJC_MSGSEND = YES;
				ENABLE_TESTABILITY = YES;
				GCC_C_LANGUAGE_STANDARD = gnu99;
				GCC_DYNAMIC_NO_PIC = NO;
				GCC_NO_COMMON_BLOCKS = YES;
				GCC_OPTIMIZATION_LEVEL = 0;
				GCC_PREPROCESSOR_DEFINITIONS = (
					"DEBUG=1",
					"$(inherited)",
				);
				GCC_WARN_64_TO_32_BIT_CONVERSION = YES;
				GCC_WARN_ABOUT_RETURN_TYPE = YES_ERROR;
				GCC_WARN_UNDECLARED_SELECTOR = YES;
				GCC_WARN_UNINITIALIZED_AUTOS = YES_AGGRESSIVE;
				GCC_WARN_UNUSED_FUNCTION = YES;
				GCC_WARN_UNUSED_VARIABLE = YES;
				IPHONEOS_DEPLOYMENT_TARGET = 10.1;
				MTL_ENABLE_DEBUG_INFO = YES;
				ONLY_ACTIVE_ARCH = YES;
				SDKROOT = iphoneos;
				SWIFT_ACTIVE_COMPILATION_CONDITIONS = DEBUG;
				SWIFT_OPTIMIZATION_LEVEL = "-Onone";
			};
			name = Debug;
		};
		580875301EEBE4CA008FFDBE /* Release */ = {
			isa = XCBuildConfiguration;
			buildSettings = {
				ALWAYS_SEARCH_USER_PATHS = NO;
				CLANG_ANALYZER_NONNULL = YES;
				CLANG_CXX_LANGUAGE_STANDARD = "gnu++0x";
				CLANG_CXX_LIBRARY = "libc++";
				CLANG_ENABLE_MODULES = YES;
				CLANG_ENABLE_OBJC_ARC = YES;
				CLANG_WARN_BOOL_CONVERSION = YES;
				CLANG_WARN_CONSTANT_CONVERSION = YES;
				CLANG_WARN_DIRECT_OBJC_ISA_USAGE = YES_ERROR;
				CLANG_WARN_DOCUMENTATION_COMMENTS = YES;
				CLANG_WARN_EMPTY_BODY = YES;
				CLANG_WARN_ENUM_CONVERSION = YES;
				CLANG_WARN_INFINITE_RECURSION = YES;
				CLANG_WARN_INT_CONVERSION = YES;
				CLANG_WARN_OBJC_ROOT_CLASS = YES_ERROR;
				CLANG_WARN_SUSPICIOUS_MOVES = YES;
				CLANG_WARN_UNREACHABLE_CODE = YES;
				CLANG_WARN__DUPLICATE_METHOD_MATCH = YES;
				"CODE_SIGN_IDENTITY[sdk=iphoneos*]" = "iPhone Developer";
				COPY_PHASE_STRIP = NO;
				DEBUG_INFORMATION_FORMAT = "dwarf-with-dsym";
				ENABLE_NS_ASSERTIONS = NO;
				ENABLE_STRICT_OBJC_MSGSEND = YES;
				GCC_C_LANGUAGE_STANDARD = gnu99;
				GCC_NO_COMMON_BLOCKS = YES;
				GCC_WARN_64_TO_32_BIT_CONVERSION = YES;
				GCC_WARN_ABOUT_RETURN_TYPE = YES_ERROR;
				GCC_WARN_UNDECLARED_SELECTOR = YES;
				GCC_WARN_UNINITIALIZED_AUTOS = YES_AGGRESSIVE;
				GCC_WARN_UNUSED_FUNCTION = YES;
				GCC_WARN_UNUSED_VARIABLE = YES;
				IPHONEOS_DEPLOYMENT_TARGET = 10.1;
				MTL_ENABLE_DEBUG_INFO = NO;
				SDKROOT = iphoneos;
				SWIFT_OPTIMIZATION_LEVEL = "-Owholemodule";
				VALIDATE_PRODUCT = YES;
			};
			name = Release;
		};
		580875321EEBE4CA008FFDBE /* Debug */ = {
			isa = XCBuildConfiguration;
			baseConfigurationReference = 26F7F49255DDE80AAF69550F /* Pods-Bakirapp.debug.xcconfig */;
			buildSettings = {
				ASSETCATALOG_COMPILER_APPICON_NAME = AppIcon;
				DEVELOPMENT_TEAM = SKXQ5B9EV4;
				INFOPLIST_FILE = Bakirapp/Info.plist;
				IPHONEOS_DEPLOYMENT_TARGET = 8.4;
				LD_RUNPATH_SEARCH_PATHS = "$(inherited) @executable_path/Frameworks";
				PRODUCT_BUNDLE_IDENTIFIER = com.cocoonians.Bakirapp;
				PRODUCT_NAME = "$(TARGET_NAME)";
				SWIFT_VERSION = 3.0;
			};
			name = Debug;
		};
		580875331EEBE4CA008FFDBE /* Release */ = {
			isa = XCBuildConfiguration;
			baseConfigurationReference = AA52689EAEDA9F2B0C27BAD5 /* Pods-Bakirapp.release.xcconfig */;
			buildSettings = {
				ASSETCATALOG_COMPILER_APPICON_NAME = AppIcon;
				DEVELOPMENT_TEAM = SKXQ5B9EV4;
				INFOPLIST_FILE = Bakirapp/Info.plist;
				IPHONEOS_DEPLOYMENT_TARGET = 8.4;
				LD_RUNPATH_SEARCH_PATHS = "$(inherited) @executable_path/Frameworks";
				PRODUCT_BUNDLE_IDENTIFIER = com.cocoonians.Bakirapp;
				PRODUCT_NAME = "$(TARGET_NAME)";
				SWIFT_VERSION = 3.0;
			};
			name = Release;
		};
/* End XCBuildConfiguration section */

/* Begin XCConfigurationList section */
		580875171EEBE4CA008FFDBE /* Build configuration list for PBXProject "Bakirapp" */ = {
			isa = XCConfigurationList;
			buildConfigurations = (
				5808752F1EEBE4CA008FFDBE /* Debug */,
				580875301EEBE4CA008FFDBE /* Release */,
			);
			defaultConfigurationIsVisible = 0;
			defaultConfigurationName = Release;
		};
		580875311EEBE4CA008FFDBE /* Build configuration list for PBXNativeTarget "Bakirapp" */ = {
			isa = XCConfigurationList;
			buildConfigurations = (
				580875321EEBE4CA008FFDBE /* Debug */,
				580875331EEBE4CA008FFDBE /* Release */,
			);
			defaultConfigurationIsVisible = 0;
			defaultConfigurationName = Release;
		};
/* End XCConfigurationList section */

/* Begin XCVersionGroup section */
		580875261EEBE4CA008FFDBE /* Bakirapp.xcdatamodeld */ = {
			isa = XCVersionGroup;
			children = (
				580875271EEBE4CA008FFDBE /* Bakirapp.xcdatamodel */,
			);
			currentVersion = 580875271EEBE4CA008FFDBE /* Bakirapp.xcdatamodel */;
			path = Bakirapp.xcdatamodeld;
			sourceTree = "<group>";
			versionGroupType = wrapper.xcdatamodel;
		};
/* End XCVersionGroup section */
	};
	rootObject = 580875141EEBE4CA008FFDBE /* Project object */;
}
