// !$*UTF8*$!
{
	archiveVersion = 1;
	classes = {
	};
	objectVersion = 46;
	objects = {

/* Begin PBXBuildFile section */
		397E86281EED430F008083EB /* Date+Extensions.swift in Sources */ = {isa = PBXBuildFile; fileRef = 397BCC081EED254600586789 /* Date+Extensions.swift */; };
		397E862A1EED447D008083EB /* PromosViewController.swift in Sources */ = {isa = PBXBuildFile; fileRef = 397E86291EED447D008083EB /* PromosViewController.swift */; };
		397E862D1EED44FA008083EB /* PromoTableViewCell.swift in Sources */ = {isa = PBXBuildFile; fileRef = 397E862B1EED44FA008083EB /* PromoTableViewCell.swift */; };
		397E862E1EED44FA008083EB /* PromoTableViewCell.xib in Resources */ = {isa = PBXBuildFile; fileRef = 397E862C1EED44FA008083EB /* PromoTableViewCell.xib */; };
		39B66FA51EED1BE300B17DFA /* UIColor+Extension.swift in Sources */ = {isa = PBXBuildFile; fileRef = 39B66FA41EED1BE300B17DFA /* UIColor+Extension.swift */; };
		39C81E621EECA107005E7546 /* SnapShotDateAxisValueFormatter.swift in Sources */ = {isa = PBXBuildFile; fileRef = 39C81E611EECA107005E7546 /* SnapShotDateAxisValueFormatter.swift */; };
		39D4E94D1EEC535000F6B900 /* Customer+CoreDataClass.swift in Sources */ = {isa = PBXBuildFile; fileRef = 39D4E9431EEC535000F6B900 /* Customer+CoreDataClass.swift */; };
		39D4E94E1EEC535000F6B900 /* Customer+CoreDataProperties.swift in Sources */ = {isa = PBXBuildFile; fileRef = 39D4E9441EEC535000F6B900 /* Customer+CoreDataProperties.swift */; };
		39D4E94F1EEC535000F6B900 /* Currency+CoreDataClass.swift in Sources */ = {isa = PBXBuildFile; fileRef = 39D4E9451EEC535000F6B900 /* Currency+CoreDataClass.swift */; };
		39D4E9501EEC535000F6B900 /* Currency+CoreDataProperties.swift in Sources */ = {isa = PBXBuildFile; fileRef = 39D4E9461EEC535000F6B900 /* Currency+CoreDataProperties.swift */; };
		39D4E9511EEC535000F6B900 /* SnapShot+CoreDataClass.swift in Sources */ = {isa = PBXBuildFile; fileRef = 39D4E9471EEC535000F6B900 /* SnapShot+CoreDataClass.swift */; };
		39D4E9521EEC535000F6B900 /* SnapShot+CoreDataProperties.swift in Sources */ = {isa = PBXBuildFile; fileRef = 39D4E9481EEC535000F6B900 /* SnapShot+CoreDataProperties.swift */; };
		39D4E9531EEC535000F6B900 /* Account+CoreDataClass.swift in Sources */ = {isa = PBXBuildFile; fileRef = 39D4E9491EEC535000F6B900 /* Account+CoreDataClass.swift */; };
		39D4E9541EEC535000F6B900 /* Account+CoreDataProperties.swift in Sources */ = {isa = PBXBuildFile; fileRef = 39D4E94A1EEC535000F6B900 /* Account+CoreDataProperties.swift */; };
		39D4E9551EEC535000F6B900 /* AccountCategory+CoreDataClass.swift in Sources */ = {isa = PBXBuildFile; fileRef = 39D4E94B1EEC535000F6B900 /* AccountCategory+CoreDataClass.swift */; };
		39D4E9561EEC535000F6B900 /* AccountCategory+CoreDataProperties.swift in Sources */ = {isa = PBXBuildFile; fileRef = 39D4E94C1EEC535000F6B900 /* AccountCategory+CoreDataProperties.swift */; };
		39D4E9581EEC562000F6B900 /* Account+Parse.swift in Sources */ = {isa = PBXBuildFile; fileRef = 39D4E9571EEC562000F6B900 /* Account+Parse.swift */; };
		39D4E95D1EEC5A2300F6B900 /* Transaction+CoreDataClass.swift in Sources */ = {isa = PBXBuildFile; fileRef = 39D4E9591EEC5A2300F6B900 /* Transaction+CoreDataClass.swift */; };
		39D4E95E1EEC5A2300F6B900 /* Transaction+CoreDataProperties.swift in Sources */ = {isa = PBXBuildFile; fileRef = 39D4E95A1EEC5A2300F6B900 /* Transaction+CoreDataProperties.swift */; };
		39D4E95F1EEC5A2300F6B900 /* TransactionType+CoreDataClass.swift in Sources */ = {isa = PBXBuildFile; fileRef = 39D4E95B1EEC5A2300F6B900 /* TransactionType+CoreDataClass.swift */; };
		39D4E9601EEC5A2300F6B900 /* TransactionType+CoreDataProperties.swift in Sources */ = {isa = PBXBuildFile; fileRef = 39D4E95C1EEC5A2300F6B900 /* TransactionType+CoreDataProperties.swift */; };
		39D4E9621EEC5DD500F6B900 /* DashboardViewController.swift in Sources */ = {isa = PBXBuildFile; fileRef = 39D4E9611EEC5DD500F6B900 /* DashboardViewController.swift */; };
		39D4E9641EEC6BFF00F6B900 /* ContextManager.swift in Sources */ = {isa = PBXBuildFile; fileRef = 39D4E9631EEC6BFF00F6B900 /* ContextManager.swift */; };
		39D4E9671EEC785D00F6B900 /* String+Extensions.swift in Sources */ = {isa = PBXBuildFile; fileRef = 39D4E9661EEC785D00F6B900 /* String+Extensions.swift */; };
		580875201EEBE4CA008FFDBE /* AppDelegate.swift in Sources */ = {isa = PBXBuildFile; fileRef = 5808751F1EEBE4CA008FFDBE /* AppDelegate.swift */; };
		580875221EEBE4CA008FFDBE /* BakiraTabBarController.swift in Sources */ = {isa = PBXBuildFile; fileRef = 580875211EEBE4CA008FFDBE /* BakiraTabBarController.swift */; };
		580875251EEBE4CA008FFDBE /* Main.storyboard in Resources */ = {isa = PBXBuildFile; fileRef = 580875231EEBE4CA008FFDBE /* Main.storyboard */; };
		580875281EEBE4CA008FFDBE /* Bakirapp.xcdatamodeld in Sources */ = {isa = PBXBuildFile; fileRef = 580875261EEBE4CA008FFDBE /* Bakirapp.xcdatamodeld */; };
		5808752A1EEBE4CA008FFDBE /* Assets.xcassets in Resources */ = {isa = PBXBuildFile; fileRef = 580875291EEBE4CA008FFDBE /* Assets.xcassets */; };
		5808752D1EEBE4CA008FFDBE /* LaunchScreen.storyboard in Resources */ = {isa = PBXBuildFile; fileRef = 5808752B1EEBE4CA008FFDBE /* LaunchScreen.storyboard */; };
		580875351EEBE89D008FFDBE /* LoginViewController.swift in Sources */ = {isa = PBXBuildFile; fileRef = 580875341EEBE89D008FFDBE /* LoginViewController.swift */; };
		581543FF1EED3CDB000CDDF0 /* Date+Extensions.swift in Sources */ = {isa = PBXBuildFile; fileRef = 397BCC081EED254600586789 /* Date+Extensions.swift */; };
		581544021EED47ED000CDDF0 /* Merchant+CoreDataClass.swift in Sources */ = {isa = PBXBuildFile; fileRef = 581544001EED47ED000CDDF0 /* Merchant+CoreDataClass.swift */; };
		581544031EED47ED000CDDF0 /* Merchant+CoreDataProperties.swift in Sources */ = {isa = PBXBuildFile; fileRef = 581544011EED47ED000CDDF0 /* Merchant+CoreDataProperties.swift */; };
		5819B0951EEC772F00EE8F32 /* Transaction+Parse.swift in Sources */ = {isa = PBXBuildFile; fileRef = 5819B0941EEC772F00EE8F32 /* Transaction+Parse.swift */; };
		5834E1D71EEC69680085E207 /* TransactionTableViewCell.swift in Sources */ = {isa = PBXBuildFile; fileRef = 5834E1D51EEC69680085E207 /* TransactionTableViewCell.swift */; };
		5834E1D81EEC69680085E207 /* TransactionTableViewCell.xib in Resources */ = {isa = PBXBuildFile; fileRef = 5834E1D61EEC69680085E207 /* TransactionTableViewCell.xib */; };
		5834E1DA1EEC6D0B0085E207 /* TransactionsViewController.swift in Sources */ = {isa = PBXBuildFile; fileRef = 5834E1D91EEC6D0B0085E207 /* TransactionsViewController.swift */; };
		58FCEF541EEBFD8C00EF676D /* Feeds.swift in Sources */ = {isa = PBXBuildFile; fileRef = 58FCEF531EEBFD8C00EF676D /* Feeds.swift */; };
		58FCEF561EEC107900EF676D /* Keys.swift in Sources */ = {isa = PBXBuildFile; fileRef = 58FCEF551EEC107900EF676D /* Keys.swift */; };
		58FCEF591EEC174300EF676D /* UserDefault.swift in Sources */ = {isa = PBXBuildFile; fileRef = 58FCEF581EEC174300EF676D /* UserDefault.swift */; };
		C909C52903A0425555EC849A /* Pods_Bakirapp.framework in Frameworks */ = {isa = PBXBuildFile; fileRef = 9CC341157EE04C2A37A44743 /* Pods_Bakirapp.framework */; };
/* End PBXBuildFile section */

/* Begin PBXFileReference section */
		26F7F49255DDE80AAF69550F /* Pods-Bakirapp.debug.xcconfig */ = {isa = PBXFileReference; includeInIndex = 1; lastKnownFileType = text.xcconfig; name = "Pods-Bakirapp.debug.xcconfig"; path = "Pods/Target Support Files/Pods-Bakirapp/Pods-Bakirapp.debug.xcconfig"; sourceTree = "<group>"; };
		397BCC081EED254600586789 /* Date+Extensions.swift */ = {isa = PBXFileReference; lastKnownFileType = sourcecode.swift; path = "Date+Extensions.swift"; sourceTree = "<group>"; };
		397E86291EED447D008083EB /* PromosViewController.swift */ = {isa = PBXFileReference; lastKnownFileType = sourcecode.swift; path = PromosViewController.swift; sourceTree = "<group>"; };
		397E862B1EED44FA008083EB /* PromoTableViewCell.swift */ = {isa = PBXFileReference; lastKnownFileType = sourcecode.swift; path = PromoTableViewCell.swift; sourceTree = "<group>"; };
		397E862C1EED44FA008083EB /* PromoTableViewCell.xib */ = {isa = PBXFileReference; lastKnownFileType = file.xib; path = PromoTableViewCell.xib; sourceTree = "<group>"; };
		39B66FA41EED1BE300B17DFA /* UIColor+Extension.swift */ = {isa = PBXFileReference; lastKnownFileType = sourcecode.swift; path = "UIColor+Extension.swift"; sourceTree = "<group>"; };
		39C81E611EECA107005E7546 /* SnapShotDateAxisValueFormatter.swift */ = {isa = PBXFileReference; lastKnownFileType = sourcecode.swift; path = SnapShotDateAxisValueFormatter.swift; sourceTree = "<group>"; };
		39D4E9431EEC535000F6B900 /* Customer+CoreDataClass.swift */ = {isa = PBXFileReference; lastKnownFileType = sourcecode.swift; path = "Customer+CoreDataClass.swift"; sourceTree = "<group>"; };
		39D4E9441EEC535000F6B900 /* Customer+CoreDataProperties.swift */ = {isa = PBXFileReference; lastKnownFileType = sourcecode.swift; path = "Customer+CoreDataProperties.swift"; sourceTree = "<group>"; };
		39D4E9451EEC535000F6B900 /* Currency+CoreDataClass.swift */ = {isa = PBXFileReference; lastKnownFileType = sourcecode.swift; path = "Currency+CoreDataClass.swift"; sourceTree = "<group>"; };
		39D4E9461EEC535000F6B900 /* Currency+CoreDataProperties.swift */ = {isa = PBXFileReference; lastKnownFileType = sourcecode.swift; path = "Currency+CoreDataProperties.swift"; sourceTree = "<group>"; };
		39D4E9471EEC535000F6B900 /* SnapShot+CoreDataClass.swift */ = {isa = PBXFileReference; lastKnownFileType = sourcecode.swift; path = "SnapShot+CoreDataClass.swift"; sourceTree = "<group>"; };
		39D4E9481EEC535000F6B900 /* SnapShot+CoreDataProperties.swift */ = {isa = PBXFileReference; lastKnownFileType = sourcecode.swift; path = "SnapShot+CoreDataProperties.swift"; sourceTree = "<group>"; };
		39D4E9491EEC535000F6B900 /* Account+CoreDataClass.swift */ = {isa = PBXFileReference; lastKnownFileType = sourcecode.swift; path = "Account+CoreDataClass.swift"; sourceTree = "<group>"; };
		39D4E94A1EEC535000F6B900 /* Account+CoreDataProperties.swift */ = {isa = PBXFileReference; lastKnownFileType = sourcecode.swift; path = "Account+CoreDataProperties.swift"; sourceTree = "<group>"; };
		39D4E94B1EEC535000F6B900 /* AccountCategory+CoreDataClass.swift */ = {isa = PBXFileReference; lastKnownFileType = sourcecode.swift; path = "AccountCategory+CoreDataClass.swift"; sourceTree = "<group>"; };
		39D4E94C1EEC535000F6B900 /* AccountCategory+CoreDataProperties.swift */ = {isa = PBXFileReference; lastKnownFileType = sourcecode.swift; path = "AccountCategory+CoreDataProperties.swift"; sourceTree = "<group>"; };
		39D4E9571EEC562000F6B900 /* Account+Parse.swift */ = {isa = PBXFileReference; lastKnownFileType = sourcecode.swift; path = "Account+Parse.swift"; sourceTree = "<group>"; };
		39D4E9591EEC5A2300F6B900 /* Transaction+CoreDataClass.swift */ = {isa = PBXFileReference; lastKnownFileType = sourcecode.swift; path = "Transaction+CoreDataClass.swift"; sourceTree = "<group>"; };
		39D4E95A1EEC5A2300F6B900 /* Transaction+CoreDataProperties.swift */ = {isa = PBXFileReference; lastKnownFileType = sourcecode.swift; path = "Transaction+CoreDataProperties.swift"; sourceTree = "<group>"; };
		39D4E95B1EEC5A2300F6B900 /* TransactionType+CoreDataClass.swift */ = {isa = PBXFileReference; lastKnownFileType = sourcecode.swift; path = "TransactionType+CoreDataClass.swift"; sourceTree = "<group>"; };
		39D4E95C1EEC5A2300F6B900 /* TransactionType+CoreDataProperties.swift */ = {isa = PBXFileReference; lastKnownFileType = sourcecode.swift; path = "TransactionType+CoreDataProperties.swift"; sourceTree = "<group>"; };
		39D4E9611EEC5DD500F6B900 /* DashboardViewController.swift */ = {isa = PBXFileReference; lastKnownFileType = sourcecode.swift; path = DashboardViewController.swift; sourceTree = "<group>"; };
		39D4E9631EEC6BFF00F6B900 /* ContextManager.swift */ = {isa = PBXFileReference; lastKnownFileType = sourcecode.swift; path = ContextManager.swift; sourceTree = "<group>"; };
		39D4E9661EEC785D00F6B900 /* String+Extensions.swift */ = {isa = PBXFileReference; lastKnownFileType = sourcecode.swift; path = "String+Extensions.swift"; sourceTree = "<group>"; };
		5808751C1EEBE4CA008FFDBE /* Bakirapp.app */ = {isa = PBXFileReference; explicitFileType = wrapper.application; includeInIndex = 0; path = Bakirapp.app; sourceTree = BUILT_PRODUCTS_DIR; };
		5808751F1EEBE4CA008FFDBE /* AppDelegate.swift */ = {isa = PBXFileReference; lastKnownFileType = sourcecode.swift; path = AppDelegate.swift; sourceTree = "<group>"; };
		580875211EEBE4CA008FFDBE /* BakiraTabBarController.swift */ = {isa = PBXFileReference; lastKnownFileType = sourcecode.swift; path = BakiraTabBarController.swift; sourceTree = "<group>"; };
		580875241EEBE4CA008FFDBE /* Base */ = {isa = PBXFileReference; lastKnownFileType = file.storyboard; name = Base; path = Base.lproj/Main.storyboard; sourceTree = "<group>"; };
		580875271EEBE4CA008FFDBE /* Bakirapp.xcdatamodel */ = {isa = PBXFileReference; lastKnownFileType = wrapper.xcdatamodel; path = Bakirapp.xcdatamodel; sourceTree = "<group>"; };
		580875291EEBE4CA008FFDBE /* Assets.xcassets */ = {isa = PBXFileReference; lastKnownFileType = folder.assetcatalog; path = Assets.xcassets; sourceTree = "<group>"; };
		5808752C1EEBE4CA008FFDBE /* Base */ = {isa = PBXFileReference; lastKnownFileType = file.storyboard; name = Base; path = Base.lproj/LaunchScreen.storyboard; sourceTree = "<group>"; };
		5808752E1EEBE4CA008FFDBE /* Info.plist */ = {isa = PBXFileReference; lastKnownFileType = text.plist.xml; path = Info.plist; sourceTree = "<group>"; };
		580875341EEBE89D008FFDBE /* LoginViewController.swift */ = {isa = PBXFileReference; fileEncoding = 4; lastKnownFileType = sourcecode.swift; path = LoginViewController.swift; sourceTree = "<group>"; };
		581544001EED47ED000CDDF0 /* Merchant+CoreDataClass.swift */ = {isa = PBXFileReference; lastKnownFileType = sourcecode.swift; path = "Merchant+CoreDataClass.swift"; sourceTree = "<group>"; };
		581544011EED47ED000CDDF0 /* Merchant+CoreDataProperties.swift */ = {isa = PBXFileReference; lastKnownFileType = sourcecode.swift; path = "Merchant+CoreDataProperties.swift"; sourceTree = "<group>"; };
		5819B0941EEC772F00EE8F32 /* Transaction+Parse.swift */ = {isa = PBXFileReference; lastKnownFileType = sourcecode.swift; path = "Transaction+Parse.swift"; sourceTree = "<group>"; };
		5834E1D51EEC69680085E207 /* TransactionTableViewCell.swift */ = {isa = PBXFileReference; lastKnownFileType = sourcecode.swift; path = TransactionTableViewCell.swift; sourceTree = "<group>"; };
		5834E1D61EEC69680085E207 /* TransactionTableViewCell.xib */ = {isa = PBXFileReference; lastKnownFileType = file.xib; path = TransactionTableViewCell.xib; sourceTree = "<group>"; };
		5834E1D91EEC6D0B0085E207 /* TransactionsViewController.swift */ = {isa = PBXFileReference; lastKnownFileType = sourcecode.swift; path = TransactionsViewController.swift; sourceTree = "<group>"; };
		58FCEF531EEBFD8C00EF676D /* Feeds.swift */ = {isa = PBXFileReference; fileEncoding = 4; lastKnownFileType = sourcecode.swift; path = Feeds.swift; sourceTree = "<group>"; };
		58FCEF551EEC107900EF676D /* Keys.swift */ = {isa = PBXFileReference; fileEncoding = 4; lastKnownFileType = sourcecode.swift; path = Keys.swift; sourceTree = "<group>"; };
		58FCEF581EEC174300EF676D /* UserDefault.swift */ = {isa = PBXFileReference; fileEncoding = 4; lastKnownFileType = sourcecode.swift; path = UserDefault.swift; sourceTree = "<group>"; };
		9CC341157EE04C2A37A44743 /* Pods_Bakirapp.framework */ = {isa = PBXFileReference; explicitFileType = wrapper.framework; includeInIndex = 0; path = Pods_Bakirapp.framework; sourceTree = BUILT_PRODUCTS_DIR; };
		AA52689EAEDA9F2B0C27BAD5 /* Pods-Bakirapp.release.xcconfig */ = {isa = PBXFileReference; includeInIndex = 1; lastKnownFileType = text.xcconfig; name = "Pods-Bakirapp.release.xcconfig"; path = "Pods/Target Support Files/Pods-Bakirapp/Pods-Bakirapp.release.xcconfig"; sourceTree = "<group>"; };
/* End PBXFileReference section */

/* Begin PBXFrameworksBuildPhase section */
		580875191EEBE4CA008FFDBE /* Frameworks */ = {
			isa = PBXFrameworksBuildPhase;
			buildActionMask = 2147483647;
			files = (
				C909C52903A0425555EC849A /* Pods_Bakirapp.framework in Frameworks */,
			);
			runOnlyForDeploymentPostprocessing = 0;
		};
/* End PBXFrameworksBuildPhase section */

/* Begin PBXGroup section */
		24DEA556C0858A29FCE35F77 /* Frameworks */ = {
			isa = PBXGroup;
			children = (
				9CC341157EE04C2A37A44743 /* Pods_Bakirapp.framework */,
			);
			name = Frameworks;
			sourceTree = "<group>";
		};
		39D4E9421EEC533000F6B900 /* Models */ = {
			isa = PBXGroup;
			children = (
				581544001EED47ED000CDDF0 /* Merchant+CoreDataClass.swift */,
				581544011EED47ED000CDDF0 /* Merchant+CoreDataProperties.swift */,
				39D4E9591EEC5A2300F6B900 /* Transaction+CoreDataClass.swift */,
				39D4E95A1EEC5A2300F6B900 /* Transaction+CoreDataProperties.swift */,
				5819B0941EEC772F00EE8F32 /* Transaction+Parse.swift */,
				39D4E95B1EEC5A2300F6B900 /* TransactionType+CoreDataClass.swift */,
				39D4E95C1EEC5A2300F6B900 /* TransactionType+CoreDataProperties.swift */,
				39D4E9431EEC535000F6B900 /* Customer+CoreDataClass.swift */,
				39D4E9441EEC535000F6B900 /* Customer+CoreDataProperties.swift */,
				39D4E9451EEC535000F6B900 /* Currency+CoreDataClass.swift */,
				39D4E9461EEC535000F6B900 /* Currency+CoreDataProperties.swift */,
				39D4E9471EEC535000F6B900 /* SnapShot+CoreDataClass.swift */,
				39D4E9481EEC535000F6B900 /* SnapShot+CoreDataProperties.swift */,
				39D4E9491EEC535000F6B900 /* Account+CoreDataClass.swift */,
				39D4E94A1EEC535000F6B900 /* Account+CoreDataProperties.swift */,
				39D4E9571EEC562000F6B900 /* Account+Parse.swift */,
				39D4E94B1EEC535000F6B900 /* AccountCategory+CoreDataClass.swift */,
				39D4E94C1EEC535000F6B900 /* AccountCategory+CoreDataProperties.swift */,
			);
			path = Models;
			sourceTree = "<group>";
		};
		39D4E9651EEC784700F6B900 /* Extensions */ = {
			isa = PBXGroup;
			children = (
				39D4E9661EEC785D00F6B900 /* String+Extensions.swift */,
				39B66FA41EED1BE300B17DFA /* UIColor+Extension.swift */,
			);
			path = Extensions;
			sourceTree = "<group>";
		};
		580875131EEBE4CA008FFDBE = {
			isa = PBXGroup;
			children = (
				5808751E1EEBE4CA008FFDBE /* Bakirapp */,
				5808751D1EEBE4CA008FFDBE /* Products */,
				5A8B85B23B7F0B02496046A0 /* Pods */,
				24DEA556C0858A29FCE35F77 /* Frameworks */,
			);
			sourceTree = "<group>";
		};
		5808751D1EEBE4CA008FFDBE /* Products */ = {
			isa = PBXGroup;
			children = (
				5808751C1EEBE4CA008FFDBE /* Bakirapp.app */,
			);
			name = Products;
			sourceTree = "<group>";
		};
		5808751E1EEBE4CA008FFDBE /* Bakirapp */ = {
			isa = PBXGroup;
			children = (
				583459C11EEC7E79003D9C53 /* Extensions_S */,
				39D4E9651EEC784700F6B900 /* Extensions */,
				5834E1D41EEC69280085E207 /* Cells */,
				39D4E9421EEC533000F6B900 /* Models */,
				58FCEF571EEC107D00EF676D /* Constants */,
				5808751F1EEBE4CA008FFDBE /* AppDelegate.swift */,
				580875211EEBE4CA008FFDBE /* BakiraTabBarController.swift */,
				580875341EEBE89D008FFDBE /* LoginViewController.swift */,
				5834E1D91EEC6D0B0085E207 /* TransactionsViewController.swift */,
				397E86291EED447D008083EB /* PromosViewController.swift */,
				39D4E9611EEC5DD500F6B900 /* DashboardViewController.swift */,
				39C81E611EECA107005E7546 /* SnapShotDateAxisValueFormatter.swift */,
				580875231EEBE4CA008FFDBE /* Main.storyboard */,
				580875291EEBE4CA008FFDBE /* Assets.xcassets */,
				5808752B1EEBE4CA008FFDBE /* LaunchScreen.storyboard */,
				5808752E1EEBE4CA008FFDBE /* Info.plist */,
				580875261EEBE4CA008FFDBE /* Bakirapp.xcdatamodeld */,
				39D4E9631EEC6BFF00F6B900 /* ContextManager.swift */,
			);
			path = Bakirapp;
			sourceTree = "<group>";
		};
		583459C11EEC7E79003D9C53 /* Extensions_S */ = {
			isa = PBXGroup;
			children = (
				397BCC081EED254600586789 /* Date+Extensions.swift */,
			);
			path = Extensions_S;
			sourceTree = "<group>";
		};
		5834E1D41EEC69280085E207 /* Cells */ = {
			isa = PBXGroup;
			children = (
				5834E1D51EEC69680085E207 /* TransactionTableViewCell.swift */,
				5834E1D61EEC69680085E207 /* TransactionTableViewCell.xib */,
				397E862B1EED44FA008083EB /* PromoTableViewCell.swift */,
				397E862C1EED44FA008083EB /* PromoTableViewCell.xib */,
			);
			path = Cells;
			sourceTree = "<group>";
		};
		58FCEF571EEC107D00EF676D /* Constants */ = {
			isa = PBXGroup;
			children = (
				58FCEF531EEBFD8C00EF676D /* Feeds.swift */,
				58FCEF551EEC107900EF676D /* Keys.swift */,
				58FCEF581EEC174300EF676D /* UserDefault.swift */,
			);
			name = Constants;
			sourceTree = "<group>";
		};
		5A8B85B23B7F0B02496046A0 /* Pods */ = {
			isa = PBXGroup;
			children = (
				26F7F49255DDE80AAF69550F /* Pods-Bakirapp.debug.xcconfig */,
				AA52689EAEDA9F2B0C27BAD5 /* Pods-Bakirapp.release.xcconfig */,
			);
			name = Pods;
			sourceTree = "<group>";
		};
/* End PBXGroup section */

/* Begin PBXNativeTarget section */
		5808751B1EEBE4CA008FFDBE /* Bakirapp */ = {
			isa = PBXNativeTarget;
			buildConfigurationList = 580875311EEBE4CA008FFDBE /* Build configuration list for PBXNativeTarget "Bakirapp" */;
			buildPhases = (
				D615681860DB1FBB0C73590F /* [CP] Check Pods Manifest.lock */,
				580875181EEBE4CA008FFDBE /* Sources */,
				580875191EEBE4CA008FFDBE /* Frameworks */,
				5808751A1EEBE4CA008FFDBE /* Resources */,
				0E76876B0944FBBA017E4F11 /* [CP] Embed Pods Frameworks */,
				B3FE5CEB0A61009D63AE3894 /* [CP] Copy Pods Resources */,
			);
			buildRules = (
			);
			dependencies = (
			);
			name = Bakirapp;
			productName = Bakirapp;
			productReference = 5808751C1EEBE4CA008FFDBE /* Bakirapp.app */;
			productType = "com.apple.product-type.application";
		};
/* End PBXNativeTarget section */

/* Begin PBXProject section */
		580875141EEBE4CA008FFDBE /* Project object */ = {
			isa = PBXProject;
			attributes = {
				LastSwiftUpdateCheck = 0810;
				LastUpgradeCheck = 0810;
				ORGANIZATIONNAME = Cocoonians;
				TargetAttributes = {
					5808751B1EEBE4CA008FFDBE = {
						CreatedOnToolsVersion = 8.1;
						DevelopmentTeam = 2C8CQ47QGC;
						ProvisioningStyle = Automatic;
					};
				};
			};
			buildConfigurationList = 580875171EEBE4CA008FFDBE /* Build configuration list for PBXProject "Bakirapp" */;
			compatibilityVersion = "Xcode 3.2";
			developmentRegion = English;
			hasScannedForEncodings = 0;
			knownRegions = (
				en,
				Base,
			);
			mainGroup = 580875131EEBE4CA008FFDBE;
			productRefGroup = 5808751D1EEBE4CA008FFDBE /* Products */;
			projectDirPath = "";
			projectRoot = "";
			targets = (
				5808751B1EEBE4CA008FFDBE /* Bakirapp */,
			);
		};
/* End PBXProject section */

/* Begin PBXResourcesBuildPhase section */
		5808751A1EEBE4CA008FFDBE /* Resources */ = {
			isa = PBXResourcesBuildPhase;
			buildActionMask = 2147483647;
			files = (
				5808752D1EEBE4CA008FFDBE /* LaunchScreen.storyboard in Resources */,
				5808752A1EEBE4CA008FFDBE /* Assets.xcassets in Resources */,
				397E862E1EED44FA008083EB /* PromoTableViewCell.xib in Resources */,
				5834E1D81EEC69680085E207 /* TransactionTableViewCell.xib in Resources */,
				580875251EEBE4CA008FFDBE /* Main.storyboard in Resources */,
			);
			runOnlyForDeploymentPostprocessing = 0;
		};
/* End PBXResourcesBuildPhase section */

/* Begin PBXShellScriptBuildPhase section */
		0E76876B0944FBBA017E4F11 /* [CP] Embed Pods Frameworks */ = {
			isa = PBXShellScriptBuildPhase;
			buildActionMask = 2147483647;
			files = (
			);
			inputPaths = (
			);
			name = "[CP] Embed Pods Frameworks";
			outputPaths = (
			);
			runOnlyForDeploymentPostprocessing = 0;
			shellPath = /bin/sh;
			shellScript = "\"${SRCROOT}/Pods/Target Support Files/Pods-Bakirapp/Pods-Bakirapp-frameworks.sh\"\n";
			showEnvVarsInLog = 0;
		};
		B3FE5CEB0A61009D63AE3894 /* [CP] Copy Pods Resources */ = {
			isa = PBXShellScriptBuildPhase;
			buildActionMask = 2147483647;
			files = (
			);
			inputPaths = (
			);
			name = "[CP] Copy Pods Resources";
			outputPaths = (
			);
			runOnlyForDeploymentPostprocessing = 0;
			shellPath = /bin/sh;
			shellScript = "\"${SRCROOT}/Pods/Target Support Files/Pods-Bakirapp/Pods-Bakirapp-resources.sh\"\n";
			showEnvVarsInLog = 0;
		};
		D615681860DB1FBB0C73590F /* [CP] Check Pods Manifest.lock */ = {
			isa = PBXShellScriptBuildPhase;
			buildActionMask = 2147483647;
			files = (
			);
			inputPaths = (
			);
			name = "[CP] Check Pods Manifest.lock";
			outputPaths = (
			);
			runOnlyForDeploymentPostprocessing = 0;
			shellPath = /bin/sh;
			shellScript = "diff \"${PODS_ROOT}/../Podfile.lock\" \"${PODS_ROOT}/Manifest.lock\" > /dev/null\nif [ $? != 0 ] ; then\n    # print error to STDERR\n    echo \"error: The sandbox is not in sync with the Podfile.lock. Run 'pod install' or update your CocoaPods installation.\" >&2\n    exit 1\nfi\n";
			showEnvVarsInLog = 0;
		};
/* End PBXShellScriptBuildPhase section */

/* Begin PBXSourcesBuildPhase section */
		580875181EEBE4CA008FFDBE /* Sources */ = {
			isa = PBXSourcesBuildPhase;
			buildActionMask = 2147483647;
			files = (
				39D4E95E1EEC5A2300F6B900 /* Transaction+CoreDataProperties.swift in Sources */,
				39D4E9621EEC5DD500F6B900 /* DashboardViewController.swift in Sources */,
				581544031EED47ED000CDDF0 /* Merchant+CoreDataProperties.swift in Sources */,
				580875351EEBE89D008FFDBE /* LoginViewController.swift in Sources */,
				58FCEF591EEC174300EF676D /* UserDefault.swift in Sources */,
				39D4E94E1EEC535000F6B900 /* Customer+CoreDataProperties.swift in Sources */,
				39D4E9521EEC535000F6B900 /* SnapShot+CoreDataProperties.swift in Sources */,
				580875281EEBE4CA008FFDBE /* Bakirapp.xcdatamodeld in Sources */,
				39D4E9551EEC535000F6B900 /* AccountCategory+CoreDataClass.swift in Sources */,
				58FCEF561EEC107900EF676D /* Keys.swift in Sources */,
				397E86281EED430F008083EB /* Date+Extensions.swift in Sources */,
				58FCEF541EEBFD8C00EF676D /* Feeds.swift in Sources */,
				39D4E94D1EEC535000F6B900 /* Customer+CoreDataClass.swift in Sources */,
				39D4E95D1EEC5A2300F6B900 /* Transaction+CoreDataClass.swift in Sources */,
				581544021EED47ED000CDDF0 /* Merchant+CoreDataClass.swift in Sources */,
				39D4E9511EEC535000F6B900 /* SnapShot+CoreDataClass.swift in Sources */,
				39D4E9671EEC785D00F6B900 /* String+Extensions.swift in Sources */,
				39D4E9531EEC535000F6B900 /* Account+CoreDataClass.swift in Sources */,
				39C81E621EECA107005E7546 /* SnapShotDateAxisValueFormatter.swift in Sources */,
				39D4E95F1EEC5A2300F6B900 /* TransactionType+CoreDataClass.swift in Sources */,
				39D4E9641EEC6BFF00F6B900 /* ContextManager.swift in Sources */,
				5819B0951EEC772F00EE8F32 /* Transaction+Parse.swift in Sources */,
				397E862A1EED447D008083EB /* PromosViewController.swift in Sources */,
				39D4E9581EEC562000F6B900 /* Account+Parse.swift in Sources */,
				39B66FA51EED1BE300B17DFA /* UIColor+Extension.swift in Sources */,
				5834E1D71EEC69680085E207 /* TransactionTableViewCell.swift in Sources */,
				39D4E9501EEC535000F6B900 /* Currency+CoreDataProperties.swift in Sources */,
				580875221EEBE4CA008FFDBE /* BakiraTabBarController.swift in Sources */,
				5834E1DA1EEC6D0B0085E207 /* TransactionsViewController.swift in Sources */,
				39D4E9541EEC535000F6B900 /* Account+CoreDataProperties.swift in Sources */,
				39D4E94F1EEC535000F6B900 /* Currency+CoreDataClass.swift in Sources */,
				397E862D1EED44FA008083EB /* PromoTableViewCell.swift in Sources */,
				39D4E9561EEC535000F6B900 /* AccountCategory+CoreDataProperties.swift in Sources */,
				39D4E9601EEC5A2300F6B900 /* TransactionType+CoreDataProperties.swift in Sources */,
				580875201EEBE4CA008FFDBE /* AppDelegate.swift in Sources */,
			);
			runOnlyForDeploymentPostprocessing = 0;
		};
/* End PBXSourcesBuildPhase section */

/* Begin PBXVariantGroup section */
		580875231EEBE4CA008FFDBE /* Main.storyboard */ = {
			isa = PBXVariantGroup;
			children = (
				580875241EEBE4CA008FFDBE /* Base */,
			);
			name = Main.storyboard;
			sourceTree = "<group>";
		};
		5808752B1EEBE4CA008FFDBE /* LaunchScreen.storyboard */ = {
			isa = PBXVariantGroup;
			children = (
				5808752C1EEBE4CA008FFDBE /* Base */,
			);
			name = LaunchScreen.storyboard;
			sourceTree = "<group>";
		};
/* End PBXVariantGroup section */

/* Begin XCBuildConfiguration section */
		5808752F1EEBE4CA008FFDBE /* Debug */ = {
			isa = XCBuildConfiguration;
			buildSettings = {
				ALWAYS_SEARCH_USER_PATHS = NO;
				CLANG_ANALYZER_NONNULL = YES;
				CLANG_CXX_LANGUAGE_STANDARD = "gnu++0x";
				CLANG_CXX_LIBRARY = "libc++";
				CLANG_ENABLE_MODULES = YES;
				CLANG_ENABLE_OBJC_ARC = YES;
				CLANG_WARN_BOOL_CONVERSION = YES;
				CLANG_WARN_CONSTANT_CONVERSION = YES;
				CLANG_WARN_DIRECT_OBJC_ISA_USAGE = YES_ERROR;
				CLANG_WARN_DOCUMENTATION_COMMENTS = YES;
				CLANG_WARN_EMPTY_BODY = YES;
				CLANG_WARN_ENUM_CONVERSION = YES;
				CLANG_WARN_INFINITE_RECURSION = YES;
				CLANG_WARN_INT_CONVERSION = YES;
				CLANG_WARN_OBJC_ROOT_CLASS = YES_ERROR;
				CLANG_WARN_SUSPICIOUS_MOVES = YES;
				CLANG_WARN_UNREACHABLE_CODE = YES;
				CLANG_WARN__DUPLICATE_METHOD_MATCH = YES;
				"CODE_SIGN_IDENTITY[sdk=iphoneos*]" = "iPhone Developer";
				COPY_PHASE_STRIP = NO;
				DEBUG_INFORMATION_FORMAT = dwarf;
				ENABLE_STRICT_OBJC_MSGSEND = YES;
				ENABLE_TESTABILITY = YES;
				GCC_C_LANGUAGE_STANDARD = gnu99;
				GCC_DYNAMIC_NO_PIC = NO;
				GCC_NO_COMMON_BLOCKS = YES;
				GCC_OPTIMIZATION_LEVEL = 0;
				GCC_PREPROCESSOR_DEFINITIONS = (
					"DEBUG=1",
					"$(inherited)",
				);
				GCC_WARN_64_TO_32_BIT_CONVERSION = YES;
				GCC_WARN_ABOUT_RETURN_TYPE = YES_ERROR;
				GCC_WARN_UNDECLARED_SELECTOR = YES;
				GCC_WARN_UNINITIALIZED_AUTOS = YES_AGGRESSIVE;
				GCC_WARN_UNUSED_FUNCTION = YES;
				GCC_WARN_UNUSED_VARIABLE = YES;
				IPHONEOS_DEPLOYMENT_TARGET = 10.1;
				MTL_ENABLE_DEBUG_INFO = YES;
				ONLY_ACTIVE_ARCH = YES;
				SDKROOT = iphoneos;
				SWIFT_ACTIVE_COMPILATION_CONDITIONS = DEBUG;
				SWIFT_OPTIMIZATION_LEVEL = "-Onone";
			};
			name = Debug;
		};
		580875301EEBE4CA008FFDBE /* Release */ = {
			isa = XCBuildConfiguration;
			buildSettings = {
				ALWAYS_SEARCH_USER_PATHS = NO;
				CLANG_ANALYZER_NONNULL = YES;
				CLANG_CXX_LANGUAGE_STANDARD = "gnu++0x";
				CLANG_CXX_LIBRARY = "libc++";
				CLANG_ENABLE_MODULES = YES;
				CLANG_ENABLE_OBJC_ARC = YES;
				CLANG_WARN_BOOL_CONVERSION = YES;
				CLANG_WARN_CONSTANT_CONVERSION = YES;
				CLANG_WARN_DIRECT_OBJC_ISA_USAGE = YES_ERROR;
				CLANG_WARN_DOCUMENTATION_COMMENTS = YES;
				CLANG_WARN_EMPTY_BODY = YES;
				CLANG_WARN_ENUM_CONVERSION = YES;
				CLANG_WARN_INFINITE_RECURSION = YES;
				CLANG_WARN_INT_CONVERSION = YES;
				CLANG_WARN_OBJC_ROOT_CLASS = YES_ERROR;
				CLANG_WARN_SUSPICIOUS_MOVES = YES;
				CLANG_WARN_UNREACHABLE_CODE = YES;
				CLANG_WARN__DUPLICATE_METHOD_MATCH = YES;
				"CODE_SIGN_IDENTITY[sdk=iphoneos*]" = "iPhone Developer";
				COPY_PHASE_STRIP = NO;
				DEBUG_INFORMATION_FORMAT = "dwarf-with-dsym";
				ENABLE_NS_ASSERTIONS = NO;
				ENABLE_STRICT_OBJC_MSGSEND = YES;
				GCC_C_LANGUAGE_STANDARD = gnu99;
				GCC_NO_COMMON_BLOCKS = YES;
				GCC_WARN_64_TO_32_BIT_CONVERSION = YES;
				GCC_WARN_ABOUT_RETURN_TYPE = YES_ERROR;
				GCC_WARN_UNDECLARED_SELECTOR = YES;
				GCC_WARN_UNINITIALIZED_AUTOS = YES_AGGRESSIVE;
				GCC_WARN_UNUSED_FUNCTION = YES;
				GCC_WARN_UNUSED_VARIABLE = YES;
				IPHONEOS_DEPLOYMENT_TARGET = 10.1;
				MTL_ENABLE_DEBUG_INFO = NO;
				SDKROOT = iphoneos;
				SWIFT_OPTIMIZATION_LEVEL = "-Owholemodule";
				VALIDATE_PRODUCT = YES;
			};
			name = Release;
		};
		580875321EEBE4CA008FFDBE /* Debug */ = {
			isa = XCBuildConfiguration;
			baseConfigurationReference = 26F7F49255DDE80AAF69550F /* Pods-Bakirapp.debug.xcconfig */;
			buildSettings = {
				ASSETCATALOG_COMPILER_APPICON_NAME = AppIcon;
				DEVELOPMENT_TEAM = 2C8CQ47QGC;
				INFOPLIST_FILE = Bakirapp/Info.plist;
				IPHONEOS_DEPLOYMENT_TARGET = 10.0;
				LD_RUNPATH_SEARCH_PATHS = "$(inherited) @executable_path/Frameworks";
				PRODUCT_BUNDLE_IDENTIFIER = com.cocoonians.Bakirapp;
				PRODUCT_NAME = "$(TARGET_NAME)";
				SWIFT_VERSION = 3.0;
			};
			name = Debug;
		};
		580875331EEBE4CA008FFDBE /* Release */ = {
			isa = XCBuildConfiguration;
			baseConfigurationReference = AA52689EAEDA9F2B0C27BAD5 /* Pods-Bakirapp.release.xcconfig */;
			buildSettings = {
				ASSETCATALOG_COMPILER_APPICON_NAME = AppIcon;
				DEVELOPMENT_TEAM = 2C8CQ47QGC;
				INFOPLIST_FILE = Bakirapp/Info.plist;
				IPHONEOS_DEPLOYMENT_TARGET = 10.0;
				LD_RUNPATH_SEARCH_PATHS = "$(inherited) @executable_path/Frameworks";
				PRODUCT_BUNDLE_IDENTIFIER = com.cocoonians.Bakirapp;
				PRODUCT_NAME = "$(TARGET_NAME)";
				SWIFT_VERSION = 3.0;
			};
			name = Release;
		};
/* End XCBuildConfiguration section */

/* Begin XCConfigurationList section */
		580875171EEBE4CA008FFDBE /* Build configuration list for PBXProject "Bakirapp" */ = {
			isa = XCConfigurationList;
			buildConfigurations = (
				5808752F1EEBE4CA008FFDBE /* Debug */,
				580875301EEBE4CA008FFDBE /* Release */,
			);
			defaultConfigurationIsVisible = 0;
			defaultConfigurationName = Release;
		};
		580875311EEBE4CA008FFDBE /* Build configuration list for PBXNativeTarget "Bakirapp" */ = {
			isa = XCConfigurationList;
			buildConfigurations = (
				580875321EEBE4CA008FFDBE /* Debug */,
				580875331EEBE4CA008FFDBE /* Release */,
			);
			defaultConfigurationIsVisible = 0;
			defaultConfigurationName = Release;
		};
/* End XCConfigurationList section */

/* Begin XCVersionGroup section */
		580875261EEBE4CA008FFDBE /* Bakirapp.xcdatamodeld */ = {
			isa = XCVersionGroup;
			children = (
				580875271EEBE4CA008FFDBE /* Bakirapp.xcdatamodel */,
			);
			currentVersion = 580875271EEBE4CA008FFDBE /* Bakirapp.xcdatamodel */;
			path = Bakirapp.xcdatamodeld;
			sourceTree = "<group>";
			versionGroupType = wrapper.xcdatamodel;
		};
/* End XCVersionGroup section */
	};
	rootObject = 580875141EEBE4CA008FFDBE /* Project object */;
}
